
Microsoft Visual Studio Solution File, Format Version 12.00
# Visual Studio 14
VisualStudioVersion = 14.0.24720.0
MinimumVisualStudioVersion = 10.0.40219.1
Project("{FAE04EC0-301F-11D3-BF4B-00C04F79EFBC}") = "GridExampleApp", "GridExampleApp\GridExampleApp.csproj", "{4998820D-136C-4A6B-B52B-668923E27CEA}"
EndProject
Project("{FAE04EC0-301F-11D3-BF4B-00C04F79EFBC}") = "StackPanelExampleApp", "StackPanelExampleApp\StackPanelExampleApp.csproj", "{5B24D27D-86C3-42C9-8C0D-C95C0F23F167}"
EndProject
Project("{FAE04EC0-301F-11D3-BF4B-00C04F79EFBC}") = "EmployeeApp", "EmployeeApp\EmployeeApp.csproj", "{800903DE-768B-45FF-9743-3F863CF2DB3A}"
EndProject
Project("{FAE04EC0-301F-11D3-BF4B-00C04F79EFBC}") = "D10T1", "D10T1\D10T1.csproj", "{A9842F30-B310-4161-A3D7-8DB9DC8B26CC}"
EndProject
Global
	GlobalSection(SolutionConfigurationPlatforms) = preSolution
		Debug|ARM = Debug|ARM
		Debug|x64 = Debug|x64
		Debug|x86 = Debug|x86
		Release|ARM = Release|ARM
		Release|x64 = Release|x64
		Release|x86 = Release|x86
	EndGlobalSection
	GlobalSection(ProjectConfigurationPlatforms) = postSolution
		{4998820D-136C-4A6B-B52B-668923E27CEA}.Debug|ARM.ActiveCfg = Debug|ARM
		{4998820D-136C-4A6B-B52B-668923E27CEA}.Debug|ARM.Build.0 = Debug|ARM
		{4998820D-136C-4A6B-B52B-668923E27CEA}.Debug|ARM.Deploy.0 = Debug|ARM
		{4998820D-136C-4A6B-B52B-668923E27CEA}.Debug|x64.ActiveCfg = Debug|x64
		{4998820D-136C-4A6B-B52B-668923E27CEA}.Debug|x64.Build.0 = Debug|x64
		{4998820D-136C-4A6B-B52B-668923E27CEA}.Debug|x64.Deploy.0 = Debug|x64
		{4998820D-136C-4A6B-B52B-668923E27CEA}.Debug|x86.ActiveCfg = Debug|x86
		{4998820D-136C-4A6B-B52B-668923E27CEA}.Debug|x86.Build.0 = Debug|x86
		{4998820D-136C-4A6B-B52B-668923E27CEA}.Debug|x86.Deploy.0 = Debug|x86
		{4998820D-136C-4A6B-B52B-668923E27CEA}.Release|ARM.ActiveCfg = Release|ARM
		{4998820D-136C-4A6B-B52B-668923E27CEA}.Release|ARM.Build.0 = Release|ARM
		{4998820D-136C-4A6B-B52B-668923E27CEA}.Release|ARM.Deploy.0 = Release|ARM
		{4998820D-136C-4A6B-B52B-668923E27CEA}.Release|x64.ActiveCfg = Release|x64
		{4998820D-136C-4A6B-B52B-668923E27CEA}.Release|x64.Build.0 = Release|x64
		{4998820D-136C-4A6B-B52B-668923E27CEA}.Release|x64.Deploy.0 = Release|x64
		{4998820D-136C-4A6B-B52B-668923E27CEA}.Release|x86.ActiveCfg = Release|x86
		{4998820D-136C-4A6B-B52B-668923E27CEA}.Release|x86.Build.0 = Release|x86
		{4998820D-136C-4A6B-B52B-668923E27CEA}.Release|x86.Deploy.0 = Release|x86
		{5B24D27D-86C3-42C9-8C0D-C95C0F23F167}.Debug|ARM.ActiveCfg = Debug|ARM
		{5B24D27D-86C3-42C9-8C0D-C95C0F23F167}.Debug|ARM.Build.0 = Debug|ARM
		{5B24D27D-86C3-42C9-8C0D-C95C0F23F167}.Debug|ARM.Deploy.0 = Debug|ARM
		{5B24D27D-86C3-42C9-8C0D-C95C0F23F167}.Debug|x64.ActiveCfg = Debug|x64
		{5B24D27D-86C3-42C9-8C0D-C95C0F23F167}.Debug|x64.Build.0 = Debug|x64
		{5B24D27D-86C3-42C9-8C0D-C95C0F23F167}.Debug|x64.Deploy.0 = Debug|x64
		{5B24D27D-86C3-42C9-8C0D-C95C0F23F167}.Debug|x86.ActiveCfg = Debug|x86
		{5B24D27D-86C3-42C9-8C0D-C95C0F23F167}.Debug|x86.Build.0 = Debug|x86
		{5B24D27D-86C3-42C9-8C0D-C95C0F23F167}.Debug|x86.Deploy.0 = Debug|x86
		{5B24D27D-86C3-42C9-8C0D-C95C0F23F167}.Release|ARM.ActiveCfg = Release|ARM
		{5B24D27D-86C3-42C9-8C0D-C95C0F23F167}.Release|ARM.Build.0 = Release|ARM
		{5B24D27D-86C3-42C9-8C0D-C95C0F23F167}.Release|ARM.Deploy.0 = Release|ARM
		{5B24D27D-86C3-42C9-8C0D-C95C0F23F167}.Release|x64.ActiveCfg = Release|x64
		{5B24D27D-86C3-42C9-8C0D-C95C0F23F167}.Release|x64.Build.0 = Release|x64
		{5B24D27D-86C3-42C9-8C0D-C95C0F23F167}.Release|x64.Deploy.0 = Release|x64
		{5B24D27D-86C3-42C9-8C0D-C95C0F23F167}.Release|x86.ActiveCfg = Release|x86
		{5B24D27D-86C3-42C9-8C0D-C95C0F23F167}.Release|x86.Build.0 = Release|x86
		{5B24D27D-86C3-42C9-8C0D-C95C0F23F167}.Release|x86.Deploy.0 = Release|x86
		{800903DE-768B-45FF-9743-3F863CF2DB3A}.Debug|ARM.ActiveCfg = Debug|ARM
		{800903DE-768B-45FF-9743-3F863CF2DB3A}.Debug|ARM.Build.0 = Debug|ARM
		{800903DE-768B-45FF-9743-3F863CF2DB3A}.Debug|ARM.Deploy.0 = Debug|ARM
		{800903DE-768B-45FF-9743-3F863CF2DB3A}.Debug|x64.ActiveCfg = Debug|x64
		{800903DE-768B-45FF-9743-3F863CF2DB3A}.Debug|x64.Build.0 = Debug|x64
		{800903DE-768B-45FF-9743-3F863CF2DB3A}.Debug|x64.Deploy.0 = Debug|x64
		{800903DE-768B-45FF-9743-3F863CF2DB3A}.Debug|x86.ActiveCfg = Debug|x86
		{800903DE-768B-45FF-9743-3F863CF2DB3A}.Debug|x86.Build.0 = Debug|x86
		{800903DE-768B-45FF-9743-3F863CF2DB3A}.Debug|x86.Deploy.0 = Debug|x86
		{800903DE-768B-45FF-9743-3F863CF2DB3A}.Release|ARM.ActiveCfg = Release|ARM
		{800903DE-768B-45FF-9743-3F863CF2DB3A}.Release|ARM.Build.0 = Release|ARM
		{800903DE-768B-45FF-9743-3F863CF2DB3A}.Release|ARM.Deploy.0 = Release|ARM
		{800903DE-768B-45FF-9743-3F863CF2DB3A}.Release|x64.ActiveCfg = Release|x64
		{800903DE-768B-45FF-9743-3F863CF2DB3A}.Release|x64.Build.0 = Release|x64
		{800903DE-768B-45FF-9743-3F863CF2DB3A}.Release|x64.Deploy.0 = Release|x64
		{800903DE-768B-45FF-9743-3F863CF2DB3A}.Release|x86.ActiveCfg = Release|x86
		{800903DE-768B-45FF-9743-3F863CF2DB3A}.Release|x86.Build.0 = Release|x86
		{800903DE-768B-45FF-9743-3F863CF2DB3A}.Release|x86.Deploy.0 = Release|x86
		{A9842F30-B310-4161-A3D7-8DB9DC8B26CC}.Debug|ARM.ActiveCfg = Debug|ARM
		{A9842F30-B310-4161-A3D7-8DB9DC8B26CC}.Debug|ARM.Build.0 = Debug|ARM
		{A9842F30-B310-4161-A3D7-8DB9DC8B26CC}.Debug|ARM.Deploy.0 = Debug|ARM
		{A9842F30-B310-4161-A3D7-8DB9DC8B26CC}.Debug|x64.ActiveCfg = Debug|x64
		{A9842F30-B310-4161-A3D7-8DB9DC8B26CC}.Debug|x64.Build.0 = Debug|x64
		{A9842F30-B310-4161-A3D7-8DB9DC8B26CC}.Debug|x64.Deploy.0 = Debug|x64
		{A9842F30-B310-4161-A3D7-8DB9DC8B26CC}.Debug|x86.ActiveCfg = Debug|x86
		{A9842F30-B310-4161-A3D7-8DB9DC8B26CC}.Debug|x86.Build.0 = Debug|x86
		{A9842F30-B310-4161-A3D7-8DB9DC8B26CC}.Debug|x86.Deploy.0 = Debug|x86
		{A9842F30-B310-4161-A3D7-8DB9DC8B26CC}.Release|ARM.ActiveCfg = Release|ARM
		{A9842F30-B310-4161-A3D7-8DB9DC8B26CC}.Release|ARM.Build.0 = Release|ARM
		{A9842F30-B310-4161-A3D7-8DB9DC8B26CC}.Release|ARM.Deploy.0 = Release|ARM
		{A9842F30-B310-4161-A3D7-8DB9DC8B26CC}.Release|x64.ActiveCfg = Release|x64
		{A9842F30-B310-4161-A3D7-8DB9DC8B26CC}.Release|x64.Build.0 = Release|x64
		{A9842F30-B310-4161-A3D7-8DB9DC8B26CC}.Release|x64.Deploy.0 = Release|x64
		{A9842F30-B310-4161-A3D7-8DB9DC8B26CC}.Release|x86.ActiveCfg = Release|x86
		{A9842F30-B310-4161-A3D7-8DB9DC8B26CC}.Release|x86.Build.0 = Release|x86
		{A9842F30-B310-4161-A3D7-8DB9DC8B26CC}.Release|x86.Deploy.0 = Release|x86
	EndGlobalSection
	GlobalSection(SolutionProperties) = preSolution
		HideSolutionNode = FALSE
	EndGlobalSection
EndGlobal
